
Microsoft Visual Studio Solution File, Format Version 12.00
# Visual Studio Version 16
VisualStudioVersion = 16.0.29509.3
MinimumVisualStudioVersion = 10.0.40219.1
Project("{FAE04EC0-301F-11D3-BF4B-00C04F79EFBC}") = "PomocnikNauczyciela", "PomocnikNauczyciela\PomocnikNauczyciela.csproj", "{CDD45263-10BB-41F6-81D4-4F09A78EF007}"
EndProject
Global
	GlobalSection(SolutionConfigurationPlatforms) = preSolution
		Debug|Any CPU = Debug|Any CPU
		Release|Any CPU = Release|Any CPU
	EndGlobalSection
	GlobalSection(ProjectConfigurationPlatforms) = postSolution
		{CDD45263-10BB-41F6-81D4-4F09A78EF007}.Debug|Any CPU.ActiveCfg = Debug|Any CPU
		{CDD45263-10BB-41F6-81D4-4F09A78EF007}.Debug|Any CPU.Build.0 = Debug|Any CPU
		{CDD45263-10BB-41F6-81D4-4F09A78EF007}.Release|Any CPU.ActiveCfg = Release|Any CPU
		{CDD45263-10BB-41F6-81D4-4F09A78EF007}.Release|Any CPU.Build.0 = Release|Any CPU
	EndGlobalSection
	GlobalSection(SolutionProperties) = preSolution
		HideSolutionNode = FALSE
	EndGlobalSection
	GlobalSection(ExtensibilityGlobals) = postSolution
		SolutionGuid = {79C2E740-3579-4804-926E-B53E67CF75E4}
	EndGlobalSection
EndGlobal
